
Microsoft Visual Studio Solution File, Format Version 12.00
# Visual Studio Version 17
VisualStudioVersion = 17.6.33723.286
MinimumVisualStudioVersion = 10.0.40219.1
Project("{9A19103F-16F7-4668-BE54-9A1E7A4F7556}") = "WPF-APP", "WPF-APP.csproj", "{405825D9-76A5-4FEC-A3CD-8EBF587926C5}"
EndProject
Global
	GlobalSection(SolutionConfigurationPlatforms) = preSolution
		Debug|Any CPU = Debug|Any CPU
		Release|Any CPU = Release|Any CPU
	EndGlobalSection
	GlobalSection(ProjectConfigurationPlatforms) = postSolution
		{405825D9-76A5-4FEC-A3CD-8EBF587926C5}.Debug|Any CPU.ActiveCfg = Debug|Any CPU
		{405825D9-76A5-4FEC-A3CD-8EBF587926C5}.Debug|Any CPU.Build.0 = Debug|Any CPU
		{405825D9-76A5-4FEC-A3CD-8EBF587926C5}.Release|Any CPU.ActiveCfg = Release|Any CPU
		{405825D9-76A5-4FEC-A3CD-8EBF587926C5}.Release|Any CPU.Build.0 = Release|Any CPU
	EndGlobalSection
	GlobalSection(SolutionProperties) = preSolution
		HideSolutionNode = FALSE
	EndGlobalSection
	GlobalSection(ExtensibilityGlobals) = postSolution
		SolutionGuid = {28482B8F-F0A5-449E-A16D-8888CB86E93E}
	EndGlobalSection
EndGlobal
